#MicroXplorer Configuration settings - do not modify
File.Version=6
GPIO.groupedBy=Group By Peripherals
I2C1.I2C_Speed_Mode=I2C_Fast
I2C1.IPParameters=Timing,I2C_Speed_Mode
I2C1.Timing=0x0000020B
KeepUserPlacement=false
Mcu.Family=STM32L0
Mcu.IP0=I2C1
Mcu.IP1=NVIC
Mcu.IP2=RCC
Mcu.IP3=SYS
Mcu.IP4=USART2
Mcu.IPNb=5
Mcu.Name=STM32L021F4Ux
Mcu.Package=UFQFPN20
Mcu.Pin0=PC14-OSC32_IN
Mcu.Pin1=PC15-OSC32_OUT
Mcu.Pin2=PB1
Mcu.Pin3=PA9
Mcu.Pin4=PA10
Mcu.Pin5=PA13
Mcu.Pin6=PA14
Mcu.Pin7=PB6
Mcu.Pin8=PB7
Mcu.Pin9=VP_SYS_VS_Systick
Mcu.PinsNb=10
Mcu.ThirdPartyNb=0
Mcu.UserConstants=
Mcu.UserName=STM32L021F4Ux
MxCube.Version=5.5.0
MxDb.Version=DB.5.0.50
NVIC.EXTI4_15_IRQn=true\:1\:0\:true\:false\:true\:true\:true
NVIC.ForceEnableDMAVector=true
NVIC.HardFault_IRQn=true\:0\:0\:false\:false\:true\:false\:false
NVIC.NonMaskableInt_IRQn=true\:0\:0\:false\:false\:true\:false\:false
NVIC.PendSV_IRQn=true\:0\:0\:false\:false\:true\:false\:false
NVIC.SVC_IRQn=true\:0\:0\:false\:false\:true\:false\:false
NVIC.SysTick_IRQn=true\:0\:0\:false\:false\:true\:false\:true
PA10.Locked=true
PA10.Mode=Asynchronous
PA10.Signal=USART2_RX
PA13.Mode=Serial_Wire
PA13.Signal=SYS_SWDIO
PA14.Locked=true
PA14.Mode=Serial_Wire
PA14.Signal=SYS_SWCLK
PA9.Locked=true
PA9.Mode=Asynchronous
PA9.Signal=USART2_TX
PB1.GPIOParameters=GPIO_Speed,GPIO_Label
PB1.GPIO_Label=RGB
PB1.GPIO_Speed=GPIO_SPEED_FREQ_MEDIUM
PB1.Locked=true
PB1.Signal=GPIO_Output
PB6.Locked=true
PB6.Mode=I2C
PB6.Signal=I2C1_SCL
PB7.Locked=true
PB7.Mode=I2C
PB7.Signal=I2C1_SDA
PC14-OSC32_IN.GPIOParameters=GPIO_Label
PC14-OSC32_IN.GPIO_Label=LED0
PC14-OSC32_IN.Locked=true
PC14-OSC32_IN.Signal=GPIO_Output
PC15-OSC32_OUT.GPIOParameters=GPIO_Label,GPIO_ModeDefaultEXTI
PC15-OSC32_OUT.GPIO_Label=BTN
PC15-OSC32_OUT.GPIO_ModeDefaultEXTI=GPIO_MODE_IT_FALLING
PC15-OSC32_OUT.Locked=true
PC15-OSC32_OUT.Signal=GPXTI15
PCC.Checker=true
PCC.Line=STM32L0x1
PCC.MCU=STM32L021F4Ux
PCC.PartNumber=STM32L021F4Ux
PCC.Seq0=0
PCC.Series=STM32L0
PCC.Temperature=25
PCC.Vdd=3.0
PinOutPanel.RotationAngle=0
ProjectManager.AskForMigrate=true
ProjectManager.BackupPrevious=false
ProjectManager.CompilerOptimize=6
ProjectManager.ComputerToolchain=false
ProjectManager.CoupleFile=true
ProjectManager.CustomerFirmwarePackage=
ProjectManager.DefaultFWLocation=true
ProjectManager.DeletePrevious=true
ProjectManager.DeviceId=STM32L021F4Ux
ProjectManager.FirmwarePackage=STM32Cube FW_L0 V1.11.2
ProjectManager.FreePins=false
ProjectManager.HalAssertFull=false
ProjectManager.HeapSize=0x200
ProjectManager.KeepUserCode=true
ProjectManager.LastFirmware=true
ProjectManager.LibraryCopy=0
ProjectManager.MainLocation=Core/Src
ProjectManager.NoMain=false
ProjectManager.PreviousToolchain=
ProjectManager.ProjectBuild=false
ProjectManager.ProjectFileName=stm32dev.ioc
ProjectManager.ProjectName=stm32dev
ProjectManager.StackSize=0x400
ProjectManager.TargetToolchain=Makefile
ProjectManager.ToolChainLocation=
ProjectManager.UnderRoot=false
ProjectManager.functionlistsort=1-MX_GPIO_Init-GPIO-false-HAL-true,2-SystemClock_Config-RCC-false-HAL-false,3-MX_I2C1_Init-I2C1-false-HAL-true,4-MX_USART2_UART_Init-USART2-false-HAL-true
RCC.AHBCLKDivider=RCC_SYSCLK_DIV2
RCC.AHBFreq_Value=8000000
RCC.APB1Freq_Value=8000000
RCC.APB1TimFreq_Value=8000000
RCC.APB2Freq_Value=8000000
RCC.APB2TimFreq_Value=8000000
RCC.FCLKCortexFreq_Value=8000000
RCC.FamilyName=M
RCC.HCLKFreq_Value=8000000
RCC.HSE_VALUE=8000000
RCC.HSI16_VALUE=16000000
RCC.HSI_VALUE=16000000
RCC.I2C1Freq_Value=8000000
RCC.IPParameters=AHBCLKDivider,AHBFreq_Value,APB1Freq_Value,APB1TimFreq_Value,APB2Freq_Value,APB2TimFreq_Value,FCLKCortexFreq_Value,FamilyName,HCLKFreq_Value,HSE_VALUE,HSI16_VALUE,HSI_VALUE,I2C1Freq_Value,LPTIMFreq_Value,LPUARTFreq_Value,LSE_VALUE,LSI_VALUE,MCOPinFreq_Value,MSI_VALUE,PLLCLKFreq_Value,PWRFreq_Value,RTCFreq_Value,RTCHSEDivFreq_Value,SYSCLKFreq_VALUE,SYSCLKSource,TIMFreq_Value,TimerFreq_Value,USART2Freq_Value,VCOOutputFreq_Value,WatchDogFreq_Value
RCC.LPTIMFreq_Value=8000000
RCC.LPUARTFreq_Value=8000000
RCC.LSE_VALUE=32768
RCC.LSI_VALUE=37000
RCC.MCOPinFreq_Value=16000000
RCC.MSI_VALUE=2097000
RCC.PLLCLKFreq_Value=24000000
RCC.PWRFreq_Value=16000000
RCC.RTCFreq_Value=37000
RCC.RTCHSEDivFreq_Value=4000000
RCC.SYSCLKFreq_VALUE=16000000
RCC.SYSCLKSource=RCC_SYSCLKSOURCE_HSI
RCC.TIMFreq_Value=8000000
RCC.TimerFreq_Value=8000000
RCC.USART2Freq_Value=8000000
RCC.VCOOutputFreq_Value=48000000
RCC.WatchDogFreq_Value=37000
SH.GPXTI15.0=GPIO_EXTI15
SH.GPXTI15.ConfNb=1
USART2.IPParameters=VirtualMode-Asynchronous,Parity,WordLength
USART2.Parity=PARITY_NONE
USART2.VirtualMode-Asynchronous=VM_ASYNC
USART2.WordLength=WORDLENGTH_8B
VP_SYS_VS_Systick.Mode=SysTick
VP_SYS_VS_Systick.Signal=SYS_VS_Systick
board=custom
